
Microsoft Visual Studio Solution File, Format Version 12.00
# Visual Studio Version 17
VisualStudioVersion = 17.5.002.0
MinimumVisualStudioVersion = 10.0.40219.1
Project("{9A19103F-16F7-4668-BE54-9A1E7A4F7556}") = "EditorHtml", "EditorHtml.csproj", "{5BF5841B-F8EC-4EA8-B22E-F7CEE19BB7FE}"
EndProject
Global
	GlobalSection(SolutionConfigurationPlatforms) = preSolution
		Debug|Any CPU = Debug|Any CPU
		Release|Any CPU = Release|Any CPU
	EndGlobalSection
	GlobalSection(ProjectConfigurationPlatforms) = postSolution
		{5BF5841B-F8EC-4EA8-B22E-F7CEE19BB7FE}.Debug|Any CPU.ActiveCfg = Debug|Any CPU
		{5BF5841B-F8EC-4EA8-B22E-F7CEE19BB7FE}.Debug|Any CPU.Build.0 = Debug|Any CPU
		{5BF5841B-F8EC-4EA8-B22E-F7CEE19BB7FE}.Release|Any CPU.ActiveCfg = Release|Any CPU
		{5BF5841B-F8EC-4EA8-B22E-F7CEE19BB7FE}.Release|Any CPU.Build.0 = Release|Any CPU
	EndGlobalSection
	GlobalSection(SolutionProperties) = preSolution
		HideSolutionNode = FALSE
	EndGlobalSection
	GlobalSection(ExtensibilityGlobals) = postSolution
		SolutionGuid = {EB1E39D7-06DF-4E48-AC95-E89C47711282}
	EndGlobalSection
EndGlobal
